
Microsoft Visual Studio Solution File, Format Version 12.00
# Visual Studio 2013
VisualStudioVersion = 12.0.21005.1
MinimumVisualStudioVersion = 10.0.40219.1
Project("{FAE04EC0-301F-11D3-BF4B-00C04F79EFBC}") = "apnote", "apnote\apnote.csproj", "{424CAAA0-59AD-4250-A2E6-E32F1569EA5D}"
EndProject
Project("{6141683F-8A12-4E36-9623-2EB02B2C2303}") = "Setup1", "Setup1\Setup1.isproj", "{F6827BB0-0FCE-4EAB-9A91-6CF4222AE1B1}"
	ProjectSection(ProjectDependencies) = postProject
		{424CAAA0-59AD-4250-A2E6-E32F1569EA5D} = {424CAAA0-59AD-4250-A2E6-E32F1569EA5D}
	EndProjectSection
EndProject
Global
	GlobalSection(SolutionConfigurationPlatforms) = preSolution
		CD_ROM|Any CPU = CD_ROM|Any CPU
		Debug|Any CPU = Debug|Any CPU
		DVD-5|Any CPU = DVD-5|Any CPU
		Release|Any CPU = Release|Any CPU
		SingleImage|Any CPU = SingleImage|Any CPU
	EndGlobalSection
	GlobalSection(ProjectConfigurationPlatforms) = postSolution
		{424CAAA0-59AD-4250-A2E6-E32F1569EA5D}.CD_ROM|Any CPU.ActiveCfg = Release|Any CPU
		{424CAAA0-59AD-4250-A2E6-E32F1569EA5D}.CD_ROM|Any CPU.Build.0 = Release|Any CPU
		{424CAAA0-59AD-4250-A2E6-E32F1569EA5D}.Debug|Any CPU.ActiveCfg = Debug|Any CPU
		{424CAAA0-59AD-4250-A2E6-E32F1569EA5D}.Debug|Any CPU.Build.0 = Debug|Any CPU
		{424CAAA0-59AD-4250-A2E6-E32F1569EA5D}.DVD-5|Any CPU.ActiveCfg = Debug|Any CPU
		{424CAAA0-59AD-4250-A2E6-E32F1569EA5D}.DVD-5|Any CPU.Build.0 = Debug|Any CPU
		{424CAAA0-59AD-4250-A2E6-E32F1569EA5D}.Release|Any CPU.ActiveCfg = Release|Any CPU
		{424CAAA0-59AD-4250-A2E6-E32F1569EA5D}.Release|Any CPU.Build.0 = Release|Any CPU
		{424CAAA0-59AD-4250-A2E6-E32F1569EA5D}.SingleImage|Any CPU.ActiveCfg = Release|Any CPU
		{424CAAA0-59AD-4250-A2E6-E32F1569EA5D}.SingleImage|Any CPU.Build.0 = Release|Any CPU
		{F6827BB0-0FCE-4EAB-9A91-6CF4222AE1B1}.CD_ROM|Any CPU.ActiveCfg = CD_ROM
		{F6827BB0-0FCE-4EAB-9A91-6CF4222AE1B1}.CD_ROM|Any CPU.Build.0 = CD_ROM
		{F6827BB0-0FCE-4EAB-9A91-6CF4222AE1B1}.Debug|Any CPU.ActiveCfg = DVD-5
		{F6827BB0-0FCE-4EAB-9A91-6CF4222AE1B1}.Debug|Any CPU.Build.0 = DVD-5
		{F6827BB0-0FCE-4EAB-9A91-6CF4222AE1B1}.DVD-5|Any CPU.ActiveCfg = DVD-5
		{F6827BB0-0FCE-4EAB-9A91-6CF4222AE1B1}.DVD-5|Any CPU.Build.0 = DVD-5
		{F6827BB0-0FCE-4EAB-9A91-6CF4222AE1B1}.Release|Any CPU.ActiveCfg = SingleImage
		{F6827BB0-0FCE-4EAB-9A91-6CF4222AE1B1}.Release|Any CPU.Build.0 = SingleImage
		{F6827BB0-0FCE-4EAB-9A91-6CF4222AE1B1}.SingleImage|Any CPU.ActiveCfg = SingleImage
		{F6827BB0-0FCE-4EAB-9A91-6CF4222AE1B1}.SingleImage|Any CPU.Build.0 = SingleImage
	EndGlobalSection
	GlobalSection(SolutionProperties) = preSolution
		HideSolutionNode = FALSE
	EndGlobalSection
EndGlobal
